// !$*UTF8*$!
{
	archiveVersion = 1;
	classes = {
	};
	objectVersion = 56;
	objects = {

/* Begin PBXBuildFile section */
		6515533A2B61B00C00C04299 /* WhyNotTryApp.swift in Sources */ = {isa = PBXBuildFile; fileRef = 651553392B61B00C00C04299 /* WhyNotTryApp.swift */; };
		6515533C2B61B00C00C04299 /* ContentView.swift in Sources */ = {isa = PBXBuildFile; fileRef = 6515533B2B61B00C00C04299 /* ContentView.swift */; };
		6515533E2B61B00D00C04299 /* Assets.xcassets in Resources */ = {isa = PBXBuildFile; fileRef = 6515533D2B61B00D00C04299 /* Assets.xcassets */; };
		651553412B61B00D00C04299 /* Preview Assets.xcassets in Resources */ = {isa = PBXBuildFile; fileRef = 651553402B61B00D00C04299 /* Preview Assets.xcassets */; };
		6515534B2B61B00D00C04299 /* WhyNotTryTests.swift in Sources */ = {isa = PBXBuildFile; fileRef = 6515534A2B61B00D00C04299 /* WhyNotTryTests.swift */; };
		651553552B61B00D00C04299 /* WhyNotTryUITests.swift in Sources */ = {isa = PBXBuildFile; fileRef = 651553542B61B00D00C04299 /* WhyNotTryUITests.swift */; };
		651553572B61B00D00C04299 /* WhyNotTryUITestsLaunchTests.swift in Sources */ = {isa = PBXBuildFile; fileRef = 651553562B61B00D00C04299 /* WhyNotTryUITestsLaunchTests.swift */; };
/* End PBXBuildFile section */

/* Begin PBXContainerItemProxy section */
		651553472B61B00D00C04299 /* PBXContainerItemProxy */ = {
			isa = PBXContainerItemProxy;
			containerPortal = 6515532E2B61B00C00C04299 /* Project object */;
			proxyType = 1;
			remoteGlobalIDString = 651553352B61B00C00C04299;
			remoteInfo = WhyNotTry;
		};
		651553512B61B00D00C04299 /* PBXContainerItemProxy */ = {
			isa = PBXContainerItemProxy;
			containerPortal = 6515532E2B61B00C00C04299 /* Project object */;
			proxyType = 1;
			remoteGlobalIDString = 651553352B61B00C00C04299;
			remoteInfo = WhyNotTry;
		};
/* End PBXContainerItemProxy section */

/* Begin PBXFileReference section */
		651553362B61B00C00C04299 /* WhyNotTry.app */ = {isa = PBXFileReference; explicitFileType = wrapper.application; includeInIndex = 0; path = WhyNotTry.app; sourceTree = BUILT_PRODUCTS_DIR; };
		651553392B61B00C00C04299 /* WhyNotTryApp.swift */ = {isa = PBXFileReference; lastKnownFileType = sourcecode.swift; path = WhyNotTryApp.swift; sourceTree = "<group>"; };
		6515533B2B61B00C00C04299 /* ContentView.swift */ = {isa = PBXFileReference; lastKnownFileType = sourcecode.swift; path = ContentView.swift; sourceTree = "<group>"; };
		6515533D2B61B00D00C04299 /* Assets.xcassets */ = {isa = PBXFileReference; lastKnownFileType = folder.assetcatalog; path = Assets.xcassets; sourceTree = "<group>"; };
		651553402B61B00D00C04299 /* Preview Assets.xcassets */ = {isa = PBXFileReference; lastKnownFileType = folder.assetcatalog; path = "Preview Assets.xcassets"; sourceTree = "<group>"; };
		651553462B61B00D00C04299 /* WhyNotTryTests.xctest */ = {isa = PBXFileReference; explicitFileType = wrapper.cfbundle; includeInIndex = 0; path = WhyNotTryTests.xctest; sourceTree = BUILT_PRODUCTS_DIR; };
		6515534A2B61B00D00C04299 /* WhyNotTryTests.swift */ = {isa = PBXFileReference; lastKnownFileType = sourcecode.swift; path = WhyNotTryTests.swift; sourceTree = "<group>"; };
		651553502B61B00D00C04299 /* WhyNotTryUITests.xctest */ = {isa = PBXFileReference; explicitFileType = wrapper.cfbundle; includeInIndex = 0; path = WhyNotTryUITests.xctest; sourceTree = BUILT_PRODUCTS_DIR; };
		651553542B61B00D00C04299 /* WhyNotTryUITests.swift */ = {isa = PBXFileReference; lastKnownFileType = sourcecode.swift; path = WhyNotTryUITests.swift; sourceTree = "<group>"; };
		651553562B61B00D00C04299 /* WhyNotTryUITestsLaunchTests.swift */ = {isa = PBXFileReference; lastKnownFileType = sourcecode.swift; path = WhyNotTryUITestsLaunchTests.swift; sourceTree = "<group>"; };
/* End PBXFileReference section */

/* Begin PBXFrameworksBuildPhase section */
		651553332B61B00C00C04299 /* Frameworks */ = {
			isa = PBXFrameworksBuildPhase;
			buildActionMask = 2147483647;
			files = (
			);
			runOnlyForDeploymentPostprocessing = 0;
		};
		651553432B61B00D00C04299 /* Frameworks */ = {
			isa = PBXFrameworksBuildPhase;
			buildActionMask = 2147483647;
			files = (
			);
			runOnlyForDeploymentPostprocessing = 0;
		};
		6515534D2B61B00D00C04299 /* Frameworks */ = {
			isa = PBXFrameworksBuildPhase;
			buildActionMask = 2147483647;
			files = (
			);
			runOnlyForDeploymentPostprocessing = 0;
		};
/* End PBXFrameworksBuildPhase section */

/* Begin PBXGroup section */
		6515532D2B61B00C00C04299 = {
			isa = PBXGroup;
			children = (
				651553382B61B00C00C04299 /* WhyNotTry */,
				651553492B61B00D00C04299 /* WhyNotTryTests */,
				651553532B61B00D00C04299 /* WhyNotTryUITests */,
				651553372B61B00C00C04299 /* Products */,
			);
			sourceTree = "<group>";
		};
		651553372B61B00C00C04299 /* Products */ = {
			isa = PBXGroup;
			children = (
				651553362B61B00C00C04299 /* WhyNotTry.app */,
				651553462B61B00D00C04299 /* WhyNotTryTests.xctest */,
				651553502B61B00D00C04299 /* WhyNotTryUITests.xctest */,
			);
			name = Products;
			sourceTree = "<group>";
		};
		651553382B61B00C00C04299 /* WhyNotTry */ = {
			isa = PBXGroup;
			children = (
				651553392B61B00C00C04299 /* WhyNotTryApp.swift */,
				6515533B2B61B00C00C04299 /* ContentView.swift */,
				6515533D2B61B00D00C04299 /* Assets.xcassets */,
				6515533F2B61B00D00C04299 /* Preview Content */,
			);
			path = WhyNotTry;
			sourceTree = "<group>";
		};
		6515533F2B61B00D00C04299 /* Preview Content */ = {
			isa = PBXGroup;
			children = (
				651553402B61B00D00C04299 /* Preview Assets.xcassets */,
			);
			path = "Preview Content";
			sourceTree = "<group>";
		};
		651553492B61B00D00C04299 /* WhyNotTryTests */ = {
			isa = PBXGroup;
			children = (
				6515534A2B61B00D00C04299 /* WhyNotTryTests.swift */,
			);
			path = WhyNotTryTests;
			sourceTree = "<group>";
		};
		651553532B61B00D00C04299 /* WhyNotTryUITests */ = {
			isa = PBXGroup;
			children = (
				651553542B61B00D00C04299 /* WhyNotTryUITests.swift */,
				651553562B61B00D00C04299 /* WhyNotTryUITestsLaunchTests.swift */,
			);
			path = WhyNotTryUITests;
			sourceTree = "<group>";
		};
/* End PBXGroup section */

/* Begin PBXNativeTarget section */
		651553352B61B00C00C04299 /* WhyNotTry */ = {
			isa = PBXNativeTarget;
			buildConfigurationList = 6515535A2B61B00D00C04299 /* Build configuration list for PBXNativeTarget "WhyNotTry" */;
			buildPhases = (
				651553322B61B00C00C04299 /* Sources */,
				651553332B61B00C00C04299 /* Frameworks */,
				651553342B61B00C00C04299 /* Resources */,
			);
			buildRules = (
			);
			dependencies = (
			);
			name = WhyNotTry;
			productName = WhyNotTry;
			productReference = 651553362B61B00C00C04299 /* WhyNotTry.app */;
			productType = "com.apple.product-type.application";
		};
		651553452B61B00D00C04299 /* WhyNotTryTests */ = {
			isa = PBXNativeTarget;
			buildConfigurationList = 6515535D2B61B00D00C04299 /* Build configuration list for PBXNativeTarget "WhyNotTryTests" */;
			buildPhases = (
				651553422B61B00D00C04299 /* Sources */,
				651553432B61B00D00C04299 /* Frameworks */,
				651553442B61B00D00C04299 /* Resources */,
			);
			buildRules = (
			);
			dependencies = (
				651553482B61B00D00C04299 /* PBXTargetDependency */,
			);
			name = WhyNotTryTests;
			productName = WhyNotTryTests;
			productReference = 651553462B61B00D00C04299 /* WhyNotTryTests.xctest */;
			productType = "com.apple.product-type.bundle.unit-test";
		};
		6515534F2B61B00D00C04299 /* WhyNotTryUITests */ = {
			isa = PBXNativeTarget;
			buildConfigurationList = 651553602B61B00D00C04299 /* Build configuration list for PBXNativeTarget "WhyNotTryUITests" */;
			buildPhases = (
				6515534C2B61B00D00C04299 /* Sources */,
				6515534D2B61B00D00C04299 /* Frameworks */,
				6515534E2B61B00D00C04299 /* Resources */,
			);
			buildRules = (
			);
			dependencies = (
				651553522B61B00D00C04299 /* PBXTargetDependency */,
			);
			name = WhyNotTryUITests;
			productName = WhyNotTryUITests;
			productReference = 651553502B61B00D00C04299 /* WhyNotTryUITests.xctest */;
			productType = "com.apple.product-type.bundle.ui-testing";
		};
/* End PBXNativeTarget section */

/* Begin PBXProject section */
		6515532E2B61B00C00C04299 /* Project object */ = {
			isa = PBXProject;
			attributes = {
				BuildIndependentTargetsInParallel = 1;
				LastSwiftUpdateCheck = 1500;
				LastUpgradeCheck = 1500;
				TargetAttributes = {
					651553352B61B00C00C04299 = {
						CreatedOnToolsVersion = 15.0;
					};
					651553452B61B00D00C04299 = {
						CreatedOnToolsVersion = 15.0;
						TestTargetID = 651553352B61B00C00C04299;
					};
					6515534F2B61B00D00C04299 = {
						CreatedOnToolsVersion = 15.0;
						TestTargetID = 651553352B61B00C00C04299;
					};
				};
			};
			buildConfigurationList = 651553312B61B00C00C04299 /* Build configuration list for PBXProject "WhyNotTry" */;
			compatibilityVersion = "Xcode 14.0";
			developmentRegion = en;
			hasScannedForEncodings = 0;
			knownRegions = (
				en,
				Base,
			);
			mainGroup = 6515532D2B61B00C00C04299;
			productRefGroup = 651553372B61B00C00C04299 /* Products */;
			projectDirPath = "";
			projectRoot = "";
			targets = (
				651553352B61B00C00C04299 /* WhyNotTry */,
				651553452B61B00D00C04299 /* WhyNotTryTests */,
				6515534F2B61B00D00C04299 /* WhyNotTryUITests */,
			);
		};
/* End PBXProject section */

/* Begin PBXResourcesBuildPhase section */
		651553342B61B00C00C04299 /* Resources */ = {
			isa = PBXResourcesBuildPhase;
			buildActionMask = 2147483647;
			files = (
				651553412B61B00D00C04299 /* Preview Assets.xcassets in Resources */,
				6515533E2B61B00D00C04299 /* Assets.xcassets in Resources */,
			);
			runOnlyForDeploymentPostprocessing = 0;
		};
		651553442B61B00D00C04299 /* Resources */ = {
			isa = PBXResourcesBuildPhase;
			buildActionMask = 2147483647;
			files = (
			);
			runOnlyForDeploymentPostprocessing = 0;
		};
		6515534E2B61B00D00C04299 /* Resources */ = {
			isa = PBXResourcesBuildPhase;
			buildActionMask = 2147483647;
			files = (
			);
			runOnlyForDeploymentPostprocessing = 0;
		};
/* End PBXResourcesBuildPhase section */

/* Begin PBXSourcesBuildPhase section */
		651553322B61B00C00C04299 /* Sources */ = {
			isa = PBXSourcesBuildPhase;
			buildActionMask = 2147483647;
			files = (
				6515533C2B61B00C00C04299 /* ContentView.swift in Sources */,
				6515533A2B61B00C00C04299 /* WhyNotTryApp.swift in Sources */,
			);
			runOnlyForDeploymentPostprocessing = 0;
		};
		651553422B61B00D00C04299 /* Sources */ = {
			isa = PBXSourcesBuildPhase;
			buildActionMask = 2147483647;
			files = (
				6515534B2B61B00D00C04299 /* WhyNotTryTests.swift in Sources */,
			);
			runOnlyForDeploymentPostprocessing = 0;
		};
		6515534C2B61B00D00C04299 /* Sources */ = {
			isa = PBXSourcesBuildPhase;
			buildActionMask = 2147483647;
			files = (
				651553552B61B00D00C04299 /* WhyNotTryUITests.swift in Sources */,
				651553572B61B00D00C04299 /* WhyNotTryUITestsLaunchTests.swift in Sources */,
			);
			runOnlyForDeploymentPostprocessing = 0;
		};
/* End PBXSourcesBuildPhase section */

/* Begin PBXTargetDependency section */
		651553482B61B00D00C04299 /* PBXTargetDependency */ = {
			isa = PBXTargetDependency;
			target = 651553352B61B00C00C04299 /* WhyNotTry */;
			targetProxy = 651553472B61B00D00C04299 /* PBXContainerItemProxy */;
		};
		651553522B61B00D00C04299 /* PBXTargetDependency */ = {
			isa = PBXTargetDependency;
			target = 651553352B61B00C00C04299 /* WhyNotTry */;
			targetProxy = 651553512B61B00D00C04299 /* PBXContainerItemProxy */;
		};
/* End PBXTargetDependency section */

/* Begin XCBuildConfiguration section */
		651553582B61B00D00C04299 /* Debug */ = {
			isa = XCBuildConfiguration;
			buildSettings = {
				ALWAYS_SEARCH_USER_PATHS = NO;
				ASSETCATALOG_COMPILER_GENERATE_SWIFT_ASSET_SYMBOL_EXTENSIONS = YES;
				CLANG_ANALYZER_NONNULL = YES;
				CLANG_ANALYZER_NUMBER_OBJECT_CONVERSION = YES_AGGRESSIVE;
				CLANG_CXX_LANGUAGE_STANDARD = "gnu++20";
				CLANG_ENABLE_MODULES = YES;
				CLANG_ENABLE_OBJC_ARC = YES;
				CLANG_ENABLE_OBJC_WEAK = YES;
				CLANG_WARN_BLOCK_CAPTURE_AUTORELEASING = YES;
				CLANG_WARN_BOOL_CONVERSION = YES;
				CLANG_WARN_COMMA = YES;
				CLANG_WARN_CONSTANT_CONVERSION = YES;
				CLANG_WARN_DEPRECATED_OBJC_IMPLEMENTATIONS = YES;
				CLANG_WARN_DIRECT_OBJC_ISA_USAGE = YES_ERROR;
				CLANG_WARN_DOCUMENTATION_COMMENTS = YES;
				CLANG_WARN_EMPTY_BODY = YES;
				CLANG_WARN_ENUM_CONVERSION = YES;
				CLANG_WARN_INFINITE_RECURSION = YES;
				CLANG_WARN_INT_CONVERSION = YES;
				CLANG_WARN_NON_LITERAL_NULL_CONVERSION = YES;
				CLANG_WARN_OBJC_IMPLICIT_RETAIN_SELF = YES;
				CLANG_WARN_OBJC_LITERAL_CONVERSION = YES;
				CLANG_WARN_OBJC_ROOT_CLASS = YES_ERROR;
				CLANG_WARN_QUOTED_INCLUDE_IN_FRAMEWORK_HEADER = YES;
				CLANG_WARN_RANGE_LOOP_ANALYSIS = YES;
				CLANG_WARN_STRICT_PROTOTYPES = YES;
				CLANG_WARN_SUSPICIOUS_MOVE = YES;
				CLANG_WARN_UNGUARDED_AVAILABILITY = YES_AGGRESSIVE;
				CLANG_WARN_UNREACHABLE_CODE = YES;
				CLANG_WARN__DUPLICATE_METHOD_MATCH = YES;
				COPY_PHASE_STRIP = NO;
				DEBUG_INFORMATION_FORMAT = dwarf;
				ENABLE_STRICT_OBJC_MSGSEND = YES;
				ENABLE_TESTABILITY = YES;
				ENABLE_USER_SCRIPT_SANDBOXING = YES;
				GCC_C_LANGUAGE_STANDARD = gnu17;
				GCC_DYNAMIC_NO_PIC = NO;
				GCC_NO_COMMON_BLOCKS = YES;
				GCC_OPTIMIZATION_LEVEL = 0;
				GCC_PREPROCESSOR_DEFINITIONS = (
					"DEBUG=1",
					"$(inherited)",
				);
				GCC_WARN_64_TO_32_BIT_CONVERSION = YES;
				GCC_WARN_ABOUT_RETURN_TYPE = YES_ERROR;
				GCC_WARN_UNDECLARED_SELECTOR = YES;
				GCC_WARN_UNINITIALIZED_AUTOS = YES_AGGRESSIVE;
				GCC_WARN_UNUSED_FUNCTION = YES;
				GCC_WARN_UNUSED_VARIABLE = YES;
				IPHONEOS_DEPLOYMENT_TARGET = 17.0;
				LOCALIZATION_PREFERS_STRING_CATALOGS = YES;
				MTL_ENABLE_DEBUG_INFO = INCLUDE_SOURCE;
				MTL_FAST_MATH = YES;
				ONLY_ACTIVE_ARCH = YES;
				SDKROOT = iphoneos;
				SWIFT_ACTIVE_COMPILATION_CONDITIONS = "DEBUG $(inherited)";
				SWIFT_OPTIMIZATION_LEVEL = "-Onone";
			};
			name = Debug;
		};
		651553592B61B00D00C04299 /* Release */ = {
			isa = XCBuildConfiguration;
			buildSettings = {
				ALWAYS_SEARCH_USER_PATHS = NO;
				ASSETCATALOG_COMPILER_GENERATE_SWIFT_ASSET_SYMBOL_EXTENSIONS = YES;
				CLANG_ANALYZER_NONNULL = YES;
				CLANG_ANALYZER_NUMBER_OBJECT_CONVERSION = YES_AGGRESSIVE;
				CLANG_CXX_LANGUAGE_STANDARD = "gnu++20";
				CLANG_ENABLE_MODULES = YES;
				CLANG_ENABLE_OBJC_ARC = YES;
				CLANG_ENABLE_OBJC_WEAK = YES;
				CLANG_WARN_BLOCK_CAPTURE_AUTORELEASING = YES;
				CLANG_WARN_BOOL_CONVERSION = YES;
				CLANG_WARN_COMMA = YES;
				CLANG_WARN_CONSTANT_CONVERSION = YES;
				CLANG_WARN_DEPRECATED_OBJC_IMPLEMENTATIONS = YES;
				CLANG_WARN_DIRECT_OBJC_ISA_USAGE = YES_ERROR;
				CLANG_WARN_DOCUMENTATION_COMMENTS = YES;
				CLANG_WARN_EMPTY_BODY = YES;
				CLANG_WARN_ENUM_CONVERSION = YES;
				CLANG_WARN_INFINITE_RECURSION = YES;
				CLANG_WARN_INT_CONVERSION = YES;
				CLANG_WARN_NON_LITERAL_NULL_CONVERSION = YES;
				CLANG_WARN_OBJC_IMPLICIT_RETAIN_SELF = YES;
				CLANG_WARN_OBJC_LITERAL_CONVERSION = YES;
				CLANG_WARN_OBJC_ROOT_CLASS = YES_ERROR;
				CLANG_WARN_QUOTED_INCLUDE_IN_FRAMEWORK_HEADER = YES;
				CLANG_WARN_RANGE_LOOP_ANALYSIS = YES;
				CLANG_WARN_STRICT_PROTOTYPES = YES;
				CLANG_WARN_SUSPICIOUS_MOVE = YES;
				CLANG_WARN_UNGUARDED_AVAILABILITY = YES_AGGRESSIVE;
				CLANG_WARN_UNREACHABLE_CODE = YES;
				CLANG_WARN__DUPLICATE_METHOD_MATCH = YES;
				COPY_PHASE_STRIP = NO;
				DEBUG_INFORMATION_FORMAT = "dwarf-with-dsym";
				ENABLE_NS_ASSERTIONS = NO;
				ENABLE_STRICT_OBJC_MSGSEND = YES;
				ENABLE_USER_SCRIPT_SANDBOXING = YES;
				GCC_C_LANGUAGE_STANDARD = gnu17;
				GCC_NO_COMMON_BLOCKS = YES;
				GCC_WARN_64_TO_32_BIT_CONVERSION = YES;
				GCC_WARN_ABOUT_RETURN_TYPE = YES_ERROR;
				GCC_WARN_UNDECLARED_SELECTOR = YES;
				GCC_WARN_UNINITIALIZED_AUTOS = YES_AGGRESSIVE;
				GCC_WARN_UNUSED_FUNCTION = YES;
				GCC_WARN_UNUSED_VARIABLE = YES;
				IPHONEOS_DEPLOYMENT_TARGET = 17.0;
				LOCALIZATION_PREFERS_STRING_CATALOGS = YES;
				MTL_ENABLE_DEBUG_INFO = NO;
				MTL_FAST_MATH = YES;
				SDKROOT = iphoneos;
				SWIFT_COMPILATION_MODE = wholemodule;
				VALIDATE_PRODUCT = YES;
			};
			name = Release;
		};
		6515535B2B61B00D00C04299 /* Debug */ = {
			isa = XCBuildConfiguration;
			buildSettings = {
				ASSETCATALOG_COMPILER_APPICON_NAME = AppIcon;
				ASSETCATALOG_COMPILER_GLOBAL_ACCENT_COLOR_NAME = AccentColor;
				CODE_SIGN_STYLE = Automatic;
				CURRENT_PROJECT_VERSION = 1;
				DEVELOPMENT_ASSET_PATHS = "\"WhyNotTry/Preview Content\"";
				DEVELOPMENT_TEAM = 4JJM7YCXX5;
				ENABLE_PREVIEWS = YES;
				GENERATE_INFOPLIST_FILE = YES;
				INFOPLIST_KEY_UIApplicationSceneManifest_Generation = YES;
				INFOPLIST_KEY_UIApplicationSupportsIndirectInputEvents = YES;
				INFOPLIST_KEY_UILaunchScreen_Generation = YES;
				INFOPLIST_KEY_UISupportedInterfaceOrientations_iPad = "UIInterfaceOrientationPortrait UIInterfaceOrientationPortraitUpsideDown UIInterfaceOrientationLandscapeLeft UIInterfaceOrientationLandscapeRight";
				INFOPLIST_KEY_UISupportedInterfaceOrientations_iPhone = "UIInterfaceOrientationPortrait UIInterfaceOrientationLandscapeLeft UIInterfaceOrientationLandscapeRight";
				LD_RUNPATH_SEARCH_PATHS = (
					"$(inherited)",
					"@executable_path/Frameworks",
				);
				MARKETING_VERSION = 1.0;
				PRODUCT_BUNDLE_IDENTIFIER = com.learning.WhyNotTry;
				PRODUCT_NAME = "$(TARGET_NAME)";
				SWIFT_EMIT_LOC_STRINGS = YES;
				SWIFT_VERSION = 5.0;
				TARGETED_DEVICE_FAMILY = "1,2";
			};
			name = Debug;
		};
		6515535C2B61B00D00C04299 /* Release */ = {
			isa = XCBuildConfiguration;
			buildSettings = {
				ASSETCATALOG_COMPILER_APPICON_NAME = AppIcon;
				ASSETCATALOG_COMPILER_GLOBAL_ACCENT_COLOR_NAME = AccentColor;
				CODE_SIGN_STYLE = Automatic;
				CURRENT_PROJECT_VERSION = 1;
				DEVELOPMENT_ASSET_PATHS = "\"WhyNotTry/Preview Content\"";
				DEVELOPMENT_TEAM = 4JJM7YCXX5;
				ENABLE_PREVIEWS = YES;
				GENERATE_INFOPLIST_FILE = YES;
				INFOPLIST_KEY_UIApplicationSceneManifest_Generation = YES;
				INFOPLIST_KEY_UIApplicationSupportsIndirectInputEvents = YES;
				INFOPLIST_KEY_UILaunchScreen_Generation = YES;
				INFOPLIST_KEY_UISupportedInterfaceOrientations_iPad = "UIInterfaceOrientationPortrait UIInterfaceOrientationPortraitUpsideDown UIInterfaceOrientationLandscapeLeft UIInterfaceOrientationLandscapeRight";
				INFOPLIST_KEY_UISupportedInterfaceOrientations_iPhone = "UIInterfaceOrientationPortrait UIInterfaceOrientationLandscapeLeft UIInterfaceOrientationLandscapeRight";
				LD_RUNPATH_SEARCH_PATHS = (
					"$(inherited)",
					"@executable_path/Frameworks",
				);
				MARKETING_VERSION = 1.0;
				PRODUCT_BUNDLE_IDENTIFIER = com.learning.WhyNotTry;
				PRODUCT_NAME = "$(TARGET_NAME)";
				SWIFT_EMIT_LOC_STRINGS = YES;
				SWIFT_VERSION = 5.0;
				TARGETED_DEVICE_FAMILY = "1,2";
			};
			name = Release;
		};
		6515535E2B61B00D00C04299 /* Debug */ = {
			isa = XCBuildConfiguration;
			buildSettings = {
				ALWAYS_EMBED_SWIFT_STANDARD_LIBRARIES = YES;
				BUNDLE_LOADER = "$(TEST_HOST)";
				CODE_SIGN_STYLE = Automatic;
				CURRENT_PROJECT_VERSION = 1;
				DEVELOPMENT_TEAM = 4JJM7YCXX5;
				GENERATE_INFOPLIST_FILE = YES;
				IPHONEOS_DEPLOYMENT_TARGET = 17.0;
				MARKETING_VERSION = 1.0;
				PRODUCT_BUNDLE_IDENTIFIER = com.learning.WhyNotTryTests;
				PRODUCT_NAME = "$(TARGET_NAME)";
				SWIFT_EMIT_LOC_STRINGS = NO;
				SWIFT_VERSION = 5.0;
				TARGETED_DEVICE_FAMILY = "1,2";
				TEST_HOST = "$(BUILT_PRODUCTS_DIR)/WhyNotTry.app/$(BUNDLE_EXECUTABLE_FOLDER_PATH)/WhyNotTry";
			};
			name = Debug;
		};
		6515535F2B61B00D00C04299 /* Release */ = {
			isa = XCBuildConfiguration;
			buildSettings = {
				ALWAYS_EMBED_SWIFT_STANDARD_LIBRARIES = YES;
				BUNDLE_LOADER = "$(TEST_HOST)";
				CODE_SIGN_STYLE = Automatic;
				CURRENT_PROJECT_VERSION = 1;
				DEVELOPMENT_TEAM = 4JJM7YCXX5;
				GENERATE_INFOPLIST_FILE = YES;
				IPHONEOS_DEPLOYMENT_TARGET = 17.0;
				MARKETING_VERSION = 1.0;
				PRODUCT_BUNDLE_IDENTIFIER = com.learning.WhyNotTryTests;
				PRODUCT_NAME = "$(TARGET_NAME)";
				SWIFT_EMIT_LOC_STRINGS = NO;
				SWIFT_VERSION = 5.0;
				TARGETED_DEVICE_FAMILY = "1,2";
				TEST_HOST = "$(BUILT_PRODUCTS_DIR)/WhyNotTry.app/$(BUNDLE_EXECUTABLE_FOLDER_PATH)/WhyNotTry";
			};
			name = Release;
		};
		651553612B61B00D00C04299 /* Debug */ = {
			isa = XCBuildConfiguration;
			buildSettings = {
				ALWAYS_EMBED_SWIFT_STANDARD_LIBRARIES = YES;
				CODE_SIGN_STYLE = Automatic;
				CURRENT_PROJECT_VERSION = 1;
				DEVELOPMENT_TEAM = 4JJM7YCXX5;
				GENERATE_INFOPLIST_FILE = YES;
				MARKETING_VERSION = 1.0;
				PRODUCT_BUNDLE_IDENTIFIER = com.learning.WhyNotTryUITests;
				PRODUCT_NAME = "$(TARGET_NAME)";
				SWIFT_EMIT_LOC_STRINGS = NO;
				SWIFT_VERSION = 5.0;
				TARGETED_DEVICE_FAMILY = "1,2";
				TEST_TARGET_NAME = WhyNotTry;
			};
			name = Debug;
		};
		651553622B61B00D00C04299 /* Release */ = {
			isa = XCBuildConfiguration;
			buildSettings = {
				ALWAYS_EMBED_SWIFT_STANDARD_LIBRARIES = YES;
				CODE_SIGN_STYLE = Automatic;
				CURRENT_PROJECT_VERSION = 1;
				DEVELOPMENT_TEAM = 4JJM7YCXX5;
				GENERATE_INFOPLIST_FILE = YES;
				MARKETING_VERSION = 1.0;
				PRODUCT_BUNDLE_IDENTIFIER = com.learning.WhyNotTryUITests;
				PRODUCT_NAME = "$(TARGET_NAME)";
				SWIFT_EMIT_LOC_STRINGS = NO;
				SWIFT_VERSION = 5.0;
				TARGETED_DEVICE_FAMILY = "1,2";
				TEST_TARGET_NAME = WhyNotTry;
			};
			name = Release;
		};
/* End XCBuildConfiguration section */

/* Begin XCConfigurationList section */
		651553312B61B00C00C04299 /* Build configuration list for PBXProject "WhyNotTry" */ = {
			isa = XCConfigurationList;
			buildConfigurations = (
				651553582B61B00D00C04299 /* Debug */,
				651553592B61B00D00C04299 /* Release */,
			);
			defaultConfigurationIsVisible = 0;
			defaultConfigurationName = Release;
		};
		6515535A2B61B00D00C04299 /* Build configuration list for PBXNativeTarget "WhyNotTry" */ = {
			isa = XCConfigurationList;
			buildConfigurations = (
				6515535B2B61B00D00C04299 /* Debug */,
				6515535C2B61B00D00C04299 /* Release */,
			);
			defaultConfigurationIsVisible = 0;
			defaultConfigurationName = Release;
		};
		6515535D2B61B00D00C04299 /* Build configuration list for PBXNativeTarget "WhyNotTryTests" */ = {
			isa = XCConfigurationList;
			buildConfigurations = (
				6515535E2B61B00D00C04299 /* Debug */,
				6515535F2B61B00D00C04299 /* Release */,
			);
			defaultConfigurationIsVisible = 0;
			defaultConfigurationName = Release;
		};
		651553602B61B00D00C04299 /* Build configuration list for PBXNativeTarget "WhyNotTryUITests" */ = {
			isa = XCConfigurationList;
			buildConfigurations = (
				651553612B61B00D00C04299 /* Debug */,
				651553622B61B00D00C04299 /* Release */,
			);
			defaultConfigurationIsVisible = 0;
			defaultConfigurationName = Release;
		};
/* End XCConfigurationList section */
	};
	rootObject = 6515532E2B61B00C00C04299 /* Project object */;
}
